
Microsoft Visual Studio Solution File, Format Version 12.00
# Visual Studio Version 17
VisualStudioVersion = 17.9.34723.18
MinimumVisualStudioVersion = 10.0.40219.1
Project("{FAE04EC0-301F-11D3-BF4B-00C04F79EFBC}") = "TRABAJOPRACTICO_02_JULIA", "TRABAJOPRACTICO_02_JULIA\TRABAJOPRACTICO_02_JULIA.csproj", "{9C649861-3C4E-4FDA-A846-4A6B81FCBC10}"
EndProject
Global
	GlobalSection(SolutionConfigurationPlatforms) = preSolution
		Debug|Any CPU = Debug|Any CPU
		Release|Any CPU = Release|Any CPU
	EndGlobalSection
	GlobalSection(ProjectConfigurationPlatforms) = postSolution
		{9C649861-3C4E-4FDA-A846-4A6B81FCBC10}.Debug|Any CPU.ActiveCfg = Debug|Any CPU
		{9C649861-3C4E-4FDA-A846-4A6B81FCBC10}.Debug|Any CPU.Build.0 = Debug|Any CPU
		{9C649861-3C4E-4FDA-A846-4A6B81FCBC10}.Release|Any CPU.ActiveCfg = Release|Any CPU
		{9C649861-3C4E-4FDA-A846-4A6B81FCBC10}.Release|Any CPU.Build.0 = Release|Any CPU
	EndGlobalSection
	GlobalSection(SolutionProperties) = preSolution
		HideSolutionNode = FALSE
	EndGlobalSection
	GlobalSection(ExtensibilityGlobals) = postSolution
		SolutionGuid = {CDF5B15B-7B60-48BF-B19B-CE67B75ABC38}
	EndGlobalSection
EndGlobal
